
Microsoft Visual Studio Solution File, Format Version 10.00
# Visual C++ Express 2008
Project("{8BC9CEB8-8B4A-11D0-8D11-00A0C91BC942}") = "jsext", "jsext.vcproj", "{3476F2E5-5CA2-4A84-A942-365DE0E83EC0}"
	ProjectSection(ProjectDependencies) = postProject
		{17E7E9C3-83C9-4BF0-B08E-F6ECDD8C87C3} = {17E7E9C3-83C9-4BF0-B08E-F6ECDD8C87C3}
	EndProjectSection
EndProject
Project("{8BC9CEB8-8B4A-11D0-8D11-00A0C91BC942}") = "libjsext", "libjsext.vcproj", "{17E7E9C3-83C9-4BF0-B08E-F6ECDD8C87C3}"
EndProject
Global
	GlobalSection(SolutionConfigurationPlatforms) = preSolution
		Debug|Win32 = Debug|Win32
		Release|Win32 = Release|Win32
	EndGlobalSection
	GlobalSection(ProjectConfigurationPlatforms) = postSolution
		{3476F2E5-5CA2-4A84-A942-365DE0E83EC0}.Debug|Win32.ActiveCfg = Debug|Win32
		{3476F2E5-5CA2-4A84-A942-365DE0E83EC0}.Debug|Win32.Build.0 = Debug|Win32
		{3476F2E5-5CA2-4A84-A942-365DE0E83EC0}.Release|Win32.ActiveCfg = Release|Win32
		{3476F2E5-5CA2-4A84-A942-365DE0E83EC0}.Release|Win32.Build.0 = Release|Win32
		{17E7E9C3-83C9-4BF0-B08E-F6ECDD8C87C3}.Debug|Win32.ActiveCfg = Debug|Win32
		{17E7E9C3-83C9-4BF0-B08E-F6ECDD8C87C3}.Debug|Win32.Build.0 = Debug|Win32
		{17E7E9C3-83C9-4BF0-B08E-F6ECDD8C87C3}.Release|Win32.ActiveCfg = Release|Win32
		{17E7E9C3-83C9-4BF0-B08E-F6ECDD8C87C3}.Release|Win32.Build.0 = Release|Win32
	EndGlobalSection
	GlobalSection(SolutionProperties) = preSolution
		HideSolutionNode = FALSE
	EndGlobalSection
EndGlobal
