
Microsoft Visual Studio Solution File, Format Version 10.00
# Visual C++ Express 2008
Project("{8BC9CEB8-8B4A-11D0-8D11-00A0C91BC942}") = "libcpp", "libcpp.vcproj", "{8E21D456-DC54-439E-B85B-E2403E660B1D}"
EndProject
Project("{8BC9CEB8-8B4A-11D0-8D11-00A0C91BC942}") = "libctoxml", "libctoxml.vcproj", "{FF998A3F-2E0C-4386-8E3A-48924A5025F5}"
EndProject
Global
	GlobalSection(SolutionConfigurationPlatforms) = preSolution
		Debug|Win32 = Debug|Win32
		Release|Win32 = Release|Win32
	EndGlobalSection
	GlobalSection(ProjectConfigurationPlatforms) = postSolution
		{8E21D456-DC54-439E-B85B-E2403E660B1D}.Debug|Win32.ActiveCfg = Debug|Win32
		{8E21D456-DC54-439E-B85B-E2403E660B1D}.Debug|Win32.Build.0 = Debug|Win32
		{8E21D456-DC54-439E-B85B-E2403E660B1D}.Release|Win32.ActiveCfg = Release|Win32
		{8E21D456-DC54-439E-B85B-E2403E660B1D}.Release|Win32.Build.0 = Release|Win32
		{FF998A3F-2E0C-4386-8E3A-48924A5025F5}.Debug|Win32.ActiveCfg = Debug|Win32
		{FF998A3F-2E0C-4386-8E3A-48924A5025F5}.Debug|Win32.Build.0 = Debug|Win32
		{FF998A3F-2E0C-4386-8E3A-48924A5025F5}.Release|Win32.ActiveCfg = Release|Win32
		{FF998A3F-2E0C-4386-8E3A-48924A5025F5}.Release|Win32.Build.0 = Release|Win32
	EndGlobalSection
	GlobalSection(SolutionProperties) = preSolution
		HideSolutionNode = FALSE
	EndGlobalSection
EndGlobal
